// !$*UTF8*$!
{
	archiveVersion = 1;
	classes = {
	};
	objectVersion = 55;
	objects = {

/* Begin PBXBuildFile section */
		0457D1DD28F862EC00DFD9BF /* FeedLoaderStub.swift in Sources */ = {isa = PBXBuildFile; fileRef = 0457D1DC28F862EC00DFD9BF /* FeedLoaderStub.swift */; };
		0457D1DF28F8673200DFD9BF /* XCTestCase+FeedLoader.swift in Sources */ = {isa = PBXBuildFile; fileRef = 0457D1DE28F8673200DFD9BF /* XCTestCase+FeedLoader.swift */; };
		0477E22028DCAA6A000ACB9E /* FeedLoaderWithFallbackCompositeTests.swift in Sources */ = {isa = PBXBuildFile; fileRef = 0477E21F28DCAA6A000ACB9E /* FeedLoaderWithFallbackCompositeTests.swift */; };
		0477E22328DDD8EE000ACB9E /* EssentialFeed.framework in Frameworks */ = {isa = PBXBuildFile; fileRef = 0477E22228DDD8EE000ACB9E /* EssentialFeed.framework */; };
		0477E22428DDD8EE000ACB9E /* EssentialFeed.framework in Embed Frameworks */ = {isa = PBXBuildFile; fileRef = 0477E22228DDD8EE000ACB9E /* EssentialFeed.framework */; settings = {ATTRIBUTES = (CodeSignOnCopy, RemoveHeadersOnCopy, ); }; };
		0477E22828DDE0B0000ACB9E /* XCTestCase+MemoryLeakTracking.swift in Sources */ = {isa = PBXBuildFile; fileRef = 0477E22728DDE0B0000ACB9E /* XCTestCase+MemoryLeakTracking.swift */; };
		0477E22A28E48056000ACB9E /* FeedLoaderWithFallbackComposite.swift in Sources */ = {isa = PBXBuildFile; fileRef = 0477E22928E48056000ACB9E /* FeedLoaderWithFallbackComposite.swift */; };
		0477E22C28E483CB000ACB9E /* FeedImageDataLoaderWithFallbackComposite.swift in Sources */ = {isa = PBXBuildFile; fileRef = 0477E22B28E483CB000ACB9E /* FeedImageDataLoaderWithFallbackComposite.swift */; };
		0477E22E28E5E72F000ACB9E /* FeedImageDataLoaderWithFallbackCompositeTests.swift in Sources */ = {isa = PBXBuildFile; fileRef = 0477E22D28E5E72E000ACB9E /* FeedImageDataLoaderWithFallbackCompositeTests.swift */; };
		0477E23028EF3B4E000ACB9E /* SharedTestHelpers.swift in Sources */ = {isa = PBXBuildFile; fileRef = 0477E22F28EF3B4E000ACB9E /* SharedTestHelpers.swift */; };
		0477E23228F06CB6000ACB9E /* EssentialFeediOS.framework in Frameworks */ = {isa = PBXBuildFile; fileRef = 0477E23128F06CB5000ACB9E /* EssentialFeediOS.framework */; };
		0477E23328F06CB6000ACB9E /* EssentialFeediOS.framework in Embed Frameworks */ = {isa = PBXBuildFile; fileRef = 0477E23128F06CB5000ACB9E /* EssentialFeediOS.framework */; settings = {ATTRIBUTES = (CodeSignOnCopy, RemoveHeadersOnCopy, ); }; };
		047EB0DF28D9FEBA009C47FD /* AppDelegate.swift in Sources */ = {isa = PBXBuildFile; fileRef = 047EB0DE28D9FEBA009C47FD /* AppDelegate.swift */; };
		047EB0E128D9FEBA009C47FD /* SceneDelegate.swift in Sources */ = {isa = PBXBuildFile; fileRef = 047EB0E028D9FEBA009C47FD /* SceneDelegate.swift */; };
		047EB0E328D9FEBA009C47FD /* ViewController.swift in Sources */ = {isa = PBXBuildFile; fileRef = 047EB0E228D9FEBA009C47FD /* ViewController.swift */; };
		047EB0E628D9FEBA009C47FD /* Main.storyboard in Resources */ = {isa = PBXBuildFile; fileRef = 047EB0E428D9FEBA009C47FD /* Main.storyboard */; };
		047EB0E828D9FEBB009C47FD /* Assets.xcassets in Resources */ = {isa = PBXBuildFile; fileRef = 047EB0E728D9FEBB009C47FD /* Assets.xcassets */; };
		047EB0EB28D9FEBB009C47FD /* LaunchScreen.storyboard in Resources */ = {isa = PBXBuildFile; fileRef = 047EB0E928D9FEBB009C47FD /* LaunchScreen.storyboard */; };
		04D01E1528F5AFC600E3C144 /* FeedLoaderCacheDecoratorTests.swift in Sources */ = {isa = PBXBuildFile; fileRef = 04D01E1428F5AFC600E3C144 /* FeedLoaderCacheDecoratorTests.swift */; };
/* End PBXBuildFile section */

/* Begin PBXContainerItemProxy section */
		0477E21A28DCAA05000ACB9E /* PBXContainerItemProxy */ = {
			isa = PBXContainerItemProxy;
			containerPortal = 047EB0D328D9FEBA009C47FD /* Project object */;
			proxyType = 1;
			remoteGlobalIDString = 047EB0DA28D9FEBA009C47FD;
			remoteInfo = EssentialApp;
		};
/* End PBXContainerItemProxy section */

/* Begin PBXCopyFilesBuildPhase section */
		0477E22528DDD8EE000ACB9E /* Embed Frameworks */ = {
			isa = PBXCopyFilesBuildPhase;
			buildActionMask = 2147483647;
			dstPath = "";
			dstSubfolderSpec = 10;
			files = (
				0477E22428DDD8EE000ACB9E /* EssentialFeed.framework in Embed Frameworks */,
				0477E23328F06CB6000ACB9E /* EssentialFeediOS.framework in Embed Frameworks */,
			);
			name = "Embed Frameworks";
			runOnlyForDeploymentPostprocessing = 0;
		};
/* End PBXCopyFilesBuildPhase section */

/* Begin PBXFileReference section */
		0457D1DC28F862EC00DFD9BF /* FeedLoaderStub.swift */ = {isa = PBXFileReference; lastKnownFileType = sourcecode.swift; path = FeedLoaderStub.swift; sourceTree = "<group>"; };
		0457D1DE28F8673200DFD9BF /* XCTestCase+FeedLoader.swift */ = {isa = PBXFileReference; lastKnownFileType = sourcecode.swift; path = "XCTestCase+FeedLoader.swift"; sourceTree = "<group>"; };
		0477E21628DCAA05000ACB9E /* EssentialAppTests.xctest */ = {isa = PBXFileReference; explicitFileType = wrapper.cfbundle; includeInIndex = 0; path = EssentialAppTests.xctest; sourceTree = BUILT_PRODUCTS_DIR; };
		0477E21F28DCAA6A000ACB9E /* FeedLoaderWithFallbackCompositeTests.swift */ = {isa = PBXFileReference; lastKnownFileType = sourcecode.swift; path = FeedLoaderWithFallbackCompositeTests.swift; sourceTree = "<group>"; };
		0477E22228DDD8EE000ACB9E /* EssentialFeed.framework */ = {isa = PBXFileReference; explicitFileType = wrapper.framework; path = EssentialFeed.framework; sourceTree = BUILT_PRODUCTS_DIR; };
		0477E22728DDE0B0000ACB9E /* XCTestCase+MemoryLeakTracking.swift */ = {isa = PBXFileReference; lastKnownFileType = sourcecode.swift; path = "XCTestCase+MemoryLeakTracking.swift"; sourceTree = "<group>"; };
		0477E22928E48056000ACB9E /* FeedLoaderWithFallbackComposite.swift */ = {isa = PBXFileReference; lastKnownFileType = sourcecode.swift; path = FeedLoaderWithFallbackComposite.swift; sourceTree = "<group>"; };
		0477E22B28E483CB000ACB9E /* FeedImageDataLoaderWithFallbackComposite.swift */ = {isa = PBXFileReference; lastKnownFileType = sourcecode.swift; path = FeedImageDataLoaderWithFallbackComposite.swift; sourceTree = "<group>"; };
		0477E22D28E5E72E000ACB9E /* FeedImageDataLoaderWithFallbackCompositeTests.swift */ = {isa = PBXFileReference; lastKnownFileType = sourcecode.swift; path = FeedImageDataLoaderWithFallbackCompositeTests.swift; sourceTree = "<group>"; };
		0477E22F28EF3B4E000ACB9E /* SharedTestHelpers.swift */ = {isa = PBXFileReference; lastKnownFileType = sourcecode.swift; path = SharedTestHelpers.swift; sourceTree = "<group>"; };
		0477E23128F06CB5000ACB9E /* EssentialFeediOS.framework */ = {isa = PBXFileReference; explicitFileType = wrapper.framework; path = EssentialFeediOS.framework; sourceTree = BUILT_PRODUCTS_DIR; };
		047EB0DB28D9FEBA009C47FD /* EssentialApp.app */ = {isa = PBXFileReference; explicitFileType = wrapper.application; includeInIndex = 0; path = EssentialApp.app; sourceTree = BUILT_PRODUCTS_DIR; };
		047EB0DE28D9FEBA009C47FD /* AppDelegate.swift */ = {isa = PBXFileReference; lastKnownFileType = sourcecode.swift; path = AppDelegate.swift; sourceTree = "<group>"; };
		047EB0E028D9FEBA009C47FD /* SceneDelegate.swift */ = {isa = PBXFileReference; lastKnownFileType = sourcecode.swift; path = SceneDelegate.swift; sourceTree = "<group>"; };
		047EB0E228D9FEBA009C47FD /* ViewController.swift */ = {isa = PBXFileReference; lastKnownFileType = sourcecode.swift; path = ViewController.swift; sourceTree = "<group>"; };
		047EB0E528D9FEBA009C47FD /* Base */ = {isa = PBXFileReference; lastKnownFileType = file.storyboard; name = Base; path = Base.lproj/Main.storyboard; sourceTree = "<group>"; };
		047EB0E728D9FEBB009C47FD /* Assets.xcassets */ = {isa = PBXFileReference; lastKnownFileType = folder.assetcatalog; path = Assets.xcassets; sourceTree = "<group>"; };
		047EB0EA28D9FEBB009C47FD /* Base */ = {isa = PBXFileReference; lastKnownFileType = file.storyboard; name = Base; path = Base.lproj/LaunchScreen.storyboard; sourceTree = "<group>"; };
		047EB0EC28D9FEBB009C47FD /* Info.plist */ = {isa = PBXFileReference; lastKnownFileType = text.plist.xml; path = Info.plist; sourceTree = "<group>"; };
		04D01E1428F5AFC600E3C144 /* FeedLoaderCacheDecoratorTests.swift */ = {isa = PBXFileReference; lastKnownFileType = sourcecode.swift; path = FeedLoaderCacheDecoratorTests.swift; sourceTree = "<group>"; };
/* End PBXFileReference section */

/* Begin PBXFrameworksBuildPhase section */
		0477E21328DCAA05000ACB9E /* Frameworks */ = {
			isa = PBXFrameworksBuildPhase;
			buildActionMask = 2147483647;
			files = (
			);
			runOnlyForDeploymentPostprocessing = 0;
		};
		047EB0D828D9FEBA009C47FD /* Frameworks */ = {
			isa = PBXFrameworksBuildPhase;
			buildActionMask = 2147483647;
			files = (
				0477E22328DDD8EE000ACB9E /* EssentialFeed.framework in Frameworks */,
				0477E23228F06CB6000ACB9E /* EssentialFeediOS.framework in Frameworks */,
			);
			runOnlyForDeploymentPostprocessing = 0;
		};
/* End PBXFrameworksBuildPhase section */

/* Begin PBXGroup section */
		0477E21728DCAA05000ACB9E /* EssentialAppTests */ = {
			isa = PBXGroup;
			children = (
				0477E22628DDE071000ACB9E /* Helpers */,
				0477E21F28DCAA6A000ACB9E /* FeedLoaderWithFallbackCompositeTests.swift */,
				0477E22D28E5E72E000ACB9E /* FeedImageDataLoaderWithFallbackCompositeTests.swift */,
				04D01E1428F5AFC600E3C144 /* FeedLoaderCacheDecoratorTests.swift */,
			);
			path = EssentialAppTests;
			sourceTree = "<group>";
		};
		0477E22128DDD8EE000ACB9E /* Frameworks */ = {
			isa = PBXGroup;
			children = (
				0477E23128F06CB5000ACB9E /* EssentialFeediOS.framework */,
				0477E22228DDD8EE000ACB9E /* EssentialFeed.framework */,
			);
			name = Frameworks;
			sourceTree = "<group>";
		};
		0477E22628DDE071000ACB9E /* Helpers */ = {
			isa = PBXGroup;
			children = (
				0477E22728DDE0B0000ACB9E /* XCTestCase+MemoryLeakTracking.swift */,
				0477E22F28EF3B4E000ACB9E /* SharedTestHelpers.swift */,
				0457D1DC28F862EC00DFD9BF /* FeedLoaderStub.swift */,
				0457D1DE28F8673200DFD9BF /* XCTestCase+FeedLoader.swift */,
			);
			path = Helpers;
			sourceTree = "<group>";
		};
		047EB0D228D9FEBA009C47FD = {
			isa = PBXGroup;
			children = (
				047EB0DD28D9FEBA009C47FD /* EssentialApp */,
				0477E21728DCAA05000ACB9E /* EssentialAppTests */,
				047EB0DC28D9FEBA009C47FD /* Products */,
				0477E22128DDD8EE000ACB9E /* Frameworks */,
			);
			sourceTree = "<group>";
		};
		047EB0DC28D9FEBA009C47FD /* Products */ = {
			isa = PBXGroup;
			children = (
				047EB0DB28D9FEBA009C47FD /* EssentialApp.app */,
				0477E21628DCAA05000ACB9E /* EssentialAppTests.xctest */,
			);
			name = Products;
			sourceTree = "<group>";
		};
		047EB0DD28D9FEBA009C47FD /* EssentialApp */ = {
			isa = PBXGroup;
			children = (
				047EB0DE28D9FEBA009C47FD /* AppDelegate.swift */,
				047EB0E028D9FEBA009C47FD /* SceneDelegate.swift */,
				047EB0E228D9FEBA009C47FD /* ViewController.swift */,
				047EB0E428D9FEBA009C47FD /* Main.storyboard */,
				047EB0E728D9FEBB009C47FD /* Assets.xcassets */,
				047EB0E928D9FEBB009C47FD /* LaunchScreen.storyboard */,
				047EB0EC28D9FEBB009C47FD /* Info.plist */,
				0477E22928E48056000ACB9E /* FeedLoaderWithFallbackComposite.swift */,
				0477E22B28E483CB000ACB9E /* FeedImageDataLoaderWithFallbackComposite.swift */,
			);
			path = EssentialApp;
			sourceTree = "<group>";
		};
/* End PBXGroup section */

/* Begin PBXNativeTarget section */
		0477E21528DCAA05000ACB9E /* EssentialAppTests */ = {
			isa = PBXNativeTarget;
			buildConfigurationList = 0477E21C28DCAA05000ACB9E /* Build configuration list for PBXNativeTarget "EssentialAppTests" */;
			buildPhases = (
				0477E21228DCAA05000ACB9E /* Sources */,
				0477E21328DCAA05000ACB9E /* Frameworks */,
				0477E21428DCAA05000ACB9E /* Resources */,
			);
			buildRules = (
			);
			dependencies = (
				0477E21B28DCAA05000ACB9E /* PBXTargetDependency */,
			);
			name = EssentialAppTests;
			productName = EssentialAppTests;
			productReference = 0477E21628DCAA05000ACB9E /* EssentialAppTests.xctest */;
			productType = "com.apple.product-type.bundle.unit-test";
		};
		047EB0DA28D9FEBA009C47FD /* EssentialApp */ = {
			isa = PBXNativeTarget;
			buildConfigurationList = 047EB0EF28D9FEBB009C47FD /* Build configuration list for PBXNativeTarget "EssentialApp" */;
			buildPhases = (
				047EB0D728D9FEBA009C47FD /* Sources */,
				047EB0D828D9FEBA009C47FD /* Frameworks */,
				047EB0D928D9FEBA009C47FD /* Resources */,
				0477E22528DDD8EE000ACB9E /* Embed Frameworks */,
			);
			buildRules = (
			);
			dependencies = (
			);
			name = EssentialApp;
			productName = EssentialApp;
			productReference = 047EB0DB28D9FEBA009C47FD /* EssentialApp.app */;
			productType = "com.apple.product-type.application";
		};
/* End PBXNativeTarget section */

/* Begin PBXProject section */
		047EB0D328D9FEBA009C47FD /* Project object */ = {
			isa = PBXProject;
			attributes = {
				BuildIndependentTargetsInParallel = 1;
				LastSwiftUpdateCheck = 1320;
				LastUpgradeCheck = 1320;
				TargetAttributes = {
					0477E21528DCAA05000ACB9E = {
						CreatedOnToolsVersion = 13.2.1;
						LastSwiftMigration = 1320;
						TestTargetID = 047EB0DA28D9FEBA009C47FD;
					};
					047EB0DA28D9FEBA009C47FD = {
						CreatedOnToolsVersion = 13.2.1;
					};
				};
			};
			buildConfigurationList = 047EB0D628D9FEBA009C47FD /* Build configuration list for PBXProject "EssentialApp" */;
			compatibilityVersion = "Xcode 13.0";
			developmentRegion = en;
			hasScannedForEncodings = 0;
			knownRegions = (
				en,
				Base,
			);
			mainGroup = 047EB0D228D9FEBA009C47FD;
			productRefGroup = 047EB0DC28D9FEBA009C47FD /* Products */;
			projectDirPath = "";
			projectRoot = "";
			targets = (
				047EB0DA28D9FEBA009C47FD /* EssentialApp */,
				0477E21528DCAA05000ACB9E /* EssentialAppTests */,
			);
		};
/* End PBXProject section */

/* Begin PBXResourcesBuildPhase section */
		0477E21428DCAA05000ACB9E /* Resources */ = {
			isa = PBXResourcesBuildPhase;
			buildActionMask = 2147483647;
			files = (
			);
			runOnlyForDeploymentPostprocessing = 0;
		};
		047EB0D928D9FEBA009C47FD /* Resources */ = {
			isa = PBXResourcesBuildPhase;
			buildActionMask = 2147483647;
			files = (
				047EB0EB28D9FEBB009C47FD /* LaunchScreen.storyboard in Resources */,
				047EB0E828D9FEBB009C47FD /* Assets.xcassets in Resources */,
				047EB0E628D9FEBA009C47FD /* Main.storyboard in Resources */,
			);
			runOnlyForDeploymentPostprocessing = 0;
		};
/* End PBXResourcesBuildPhase section */

/* Begin PBXSourcesBuildPhase section */
		0477E21228DCAA05000ACB9E /* Sources */ = {
			isa = PBXSourcesBuildPhase;
			buildActionMask = 2147483647;
			files = (
				0477E23028EF3B4E000ACB9E /* SharedTestHelpers.swift in Sources */,
				0457D1DF28F8673200DFD9BF /* XCTestCase+FeedLoader.swift in Sources */,
				04D01E1528F5AFC600E3C144 /* FeedLoaderCacheDecoratorTests.swift in Sources */,
				0477E22028DCAA6A000ACB9E /* FeedLoaderWithFallbackCompositeTests.swift in Sources */,
				0477E22E28E5E72F000ACB9E /* FeedImageDataLoaderWithFallbackCompositeTests.swift in Sources */,
				0457D1DD28F862EC00DFD9BF /* FeedLoaderStub.swift in Sources */,
				0477E22828DDE0B0000ACB9E /* XCTestCase+MemoryLeakTracking.swift in Sources */,
			);
			runOnlyForDeploymentPostprocessing = 0;
		};
		047EB0D728D9FEBA009C47FD /* Sources */ = {
			isa = PBXSourcesBuildPhase;
			buildActionMask = 2147483647;
			files = (
				047EB0E328D9FEBA009C47FD /* ViewController.swift in Sources */,
				047EB0DF28D9FEBA009C47FD /* AppDelegate.swift in Sources */,
				0477E22A28E48056000ACB9E /* FeedLoaderWithFallbackComposite.swift in Sources */,
				047EB0E128D9FEBA009C47FD /* SceneDelegate.swift in Sources */,
				0477E22C28E483CB000ACB9E /* FeedImageDataLoaderWithFallbackComposite.swift in Sources */,
			);
			runOnlyForDeploymentPostprocessing = 0;
		};
/* End PBXSourcesBuildPhase section */

/* Begin PBXTargetDependency section */
		0477E21B28DCAA05000ACB9E /* PBXTargetDependency */ = {
			isa = PBXTargetDependency;
			target = 047EB0DA28D9FEBA009C47FD /* EssentialApp */;
			targetProxy = 0477E21A28DCAA05000ACB9E /* PBXContainerItemProxy */;
		};
/* End PBXTargetDependency section */

/* Begin PBXVariantGroup section */
		047EB0E428D9FEBA009C47FD /* Main.storyboard */ = {
			isa = PBXVariantGroup;
			children = (
				047EB0E528D9FEBA009C47FD /* Base */,
			);
			name = Main.storyboard;
			sourceTree = "<group>";
		};
		047EB0E928D9FEBB009C47FD /* LaunchScreen.storyboard */ = {
			isa = PBXVariantGroup;
			children = (
				047EB0EA28D9FEBB009C47FD /* Base */,
			);
			name = LaunchScreen.storyboard;
			sourceTree = "<group>";
		};
/* End PBXVariantGroup section */

/* Begin XCBuildConfiguration section */
		0477E21D28DCAA05000ACB9E /* Debug */ = {
			isa = XCBuildConfiguration;
			buildSettings = {
				BUNDLE_LOADER = "$(TEST_HOST)";
				CLANG_ENABLE_MODULES = YES;
				CODE_SIGN_STYLE = Automatic;
				CURRENT_PROJECT_VERSION = 1;
				DEVELOPMENT_TEAM = X94QAJPYE3;
				GENERATE_INFOPLIST_FILE = YES;
				LD_RUNPATH_SEARCH_PATHS = (
					"$(inherited)",
					"@executable_path/Frameworks",
					"@loader_path/Frameworks",
				);
				MARKETING_VERSION = 1.0;
				PRODUCT_BUNDLE_IDENTIFIER = com.marcosreboucas.EssentialAppTests;
				PRODUCT_NAME = "$(TARGET_NAME)";
				SWIFT_EMIT_LOC_STRINGS = NO;
				SWIFT_OPTIMIZATION_LEVEL = "-Onone";
				SWIFT_VERSION = 5.0;
				TARGETED_DEVICE_FAMILY = "1,2";
				TEST_HOST = "$(BUILT_PRODUCTS_DIR)/EssentialApp.app/EssentialApp";
			};
			name = Debug;
		};
		0477E21E28DCAA05000ACB9E /* Release */ = {
			isa = XCBuildConfiguration;
			buildSettings = {
				BUNDLE_LOADER = "$(TEST_HOST)";
				CLANG_ENABLE_MODULES = YES;
				CODE_SIGN_STYLE = Automatic;
				CURRENT_PROJECT_VERSION = 1;
				DEVELOPMENT_TEAM = X94QAJPYE3;
				GENERATE_INFOPLIST_FILE = YES;
				LD_RUNPATH_SEARCH_PATHS = (
					"$(inherited)",
					"@executable_path/Frameworks",
					"@loader_path/Frameworks",
				);
				MARKETING_VERSION = 1.0;
				PRODUCT_BUNDLE_IDENTIFIER = com.marcosreboucas.EssentialAppTests;
				PRODUCT_NAME = "$(TARGET_NAME)";
				SWIFT_EMIT_LOC_STRINGS = NO;
				SWIFT_VERSION = 5.0;
				TARGETED_DEVICE_FAMILY = "1,2";
				TEST_HOST = "$(BUILT_PRODUCTS_DIR)/EssentialApp.app/EssentialApp";
			};
			name = Release;
		};
		047EB0ED28D9FEBB009C47FD /* Debug */ = {
			isa = XCBuildConfiguration;
			buildSettings = {
				ALWAYS_SEARCH_USER_PATHS = NO;
				CLANG_ANALYZER_NONNULL = YES;
				CLANG_ANALYZER_NUMBER_OBJECT_CONVERSION = YES_AGGRESSIVE;
				CLANG_CXX_LANGUAGE_STANDARD = "gnu++17";
				CLANG_CXX_LIBRARY = "libc++";
				CLANG_ENABLE_MODULES = YES;
				CLANG_ENABLE_OBJC_ARC = YES;
				CLANG_ENABLE_OBJC_WEAK = YES;
				CLANG_WARN_BLOCK_CAPTURE_AUTORELEASING = YES;
				CLANG_WARN_BOOL_CONVERSION = YES;
				CLANG_WARN_COMMA = YES;
				CLANG_WARN_CONSTANT_CONVERSION = YES;
				CLANG_WARN_DEPRECATED_OBJC_IMPLEMENTATIONS = YES;
				CLANG_WARN_DIRECT_OBJC_ISA_USAGE = YES_ERROR;
				CLANG_WARN_DOCUMENTATION_COMMENTS = YES;
				CLANG_WARN_EMPTY_BODY = YES;
				CLANG_WARN_ENUM_CONVERSION = YES;
				CLANG_WARN_INFINITE_RECURSION = YES;
				CLANG_WARN_INT_CONVERSION = YES;
				CLANG_WARN_NON_LITERAL_NULL_CONVERSION = YES;
				CLANG_WARN_OBJC_IMPLICIT_RETAIN_SELF = YES;
				CLANG_WARN_OBJC_LITERAL_CONVERSION = YES;
				CLANG_WARN_OBJC_ROOT_CLASS = YES_ERROR;
				CLANG_WARN_QUOTED_INCLUDE_IN_FRAMEWORK_HEADER = YES;
				CLANG_WARN_RANGE_LOOP_ANALYSIS = YES;
				CLANG_WARN_STRICT_PROTOTYPES = YES;
				CLANG_WARN_SUSPICIOUS_MOVE = YES;
				CLANG_WARN_UNGUARDED_AVAILABILITY = YES_AGGRESSIVE;
				CLANG_WARN_UNREACHABLE_CODE = YES;
				CLANG_WARN__DUPLICATE_METHOD_MATCH = YES;
				COPY_PHASE_STRIP = NO;
				DEBUG_INFORMATION_FORMAT = dwarf;
				ENABLE_STRICT_OBJC_MSGSEND = YES;
				ENABLE_TESTABILITY = YES;
				GCC_C_LANGUAGE_STANDARD = gnu11;
				GCC_DYNAMIC_NO_PIC = NO;
				GCC_NO_COMMON_BLOCKS = YES;
				GCC_OPTIMIZATION_LEVEL = 0;
				GCC_PREPROCESSOR_DEFINITIONS = (
					"DEBUG=1",
					"$(inherited)",
				);
				GCC_WARN_64_TO_32_BIT_CONVERSION = YES;
				GCC_WARN_ABOUT_RETURN_TYPE = YES_ERROR;
				GCC_WARN_UNDECLARED_SELECTOR = YES;
				GCC_WARN_UNINITIALIZED_AUTOS = YES_AGGRESSIVE;
				GCC_WARN_UNUSED_FUNCTION = YES;
				GCC_WARN_UNUSED_VARIABLE = YES;
				IPHONEOS_DEPLOYMENT_TARGET = 15.2;
				MTL_ENABLE_DEBUG_INFO = INCLUDE_SOURCE;
				MTL_FAST_MATH = YES;
				ONLY_ACTIVE_ARCH = YES;
				SDKROOT = iphoneos;
				SWIFT_ACTIVE_COMPILATION_CONDITIONS = DEBUG;
				SWIFT_OPTIMIZATION_LEVEL = "-Onone";
			};
			name = Debug;
		};
		047EB0EE28D9FEBB009C47FD /* Release */ = {
			isa = XCBuildConfiguration;
			buildSettings = {
				ALWAYS_SEARCH_USER_PATHS = NO;
				CLANG_ANALYZER_NONNULL = YES;
				CLANG_ANALYZER_NUMBER_OBJECT_CONVERSION = YES_AGGRESSIVE;
				CLANG_CXX_LANGUAGE_STANDARD = "gnu++17";
				CLANG_CXX_LIBRARY = "libc++";
				CLANG_ENABLE_MODULES = YES;
				CLANG_ENABLE_OBJC_ARC = YES;
				CLANG_ENABLE_OBJC_WEAK = YES;
				CLANG_WARN_BLOCK_CAPTURE_AUTORELEASING = YES;
				CLANG_WARN_BOOL_CONVERSION = YES;
				CLANG_WARN_COMMA = YES;
				CLANG_WARN_CONSTANT_CONVERSION = YES;
				CLANG_WARN_DEPRECATED_OBJC_IMPLEMENTATIONS = YES;
				CLANG_WARN_DIRECT_OBJC_ISA_USAGE = YES_ERROR;
				CLANG_WARN_DOCUMENTATION_COMMENTS = YES;
				CLANG_WARN_EMPTY_BODY = YES;
				CLANG_WARN_ENUM_CONVERSION = YES;
				CLANG_WARN_INFINITE_RECURSION = YES;
				CLANG_WARN_INT_CONVERSION = YES;
				CLANG_WARN_NON_LITERAL_NULL_CONVERSION = YES;
				CLANG_WARN_OBJC_IMPLICIT_RETAIN_SELF = YES;
				CLANG_WARN_OBJC_LITERAL_CONVERSION = YES;
				CLANG_WARN_OBJC_ROOT_CLASS = YES_ERROR;
				CLANG_WARN_QUOTED_INCLUDE_IN_FRAMEWORK_HEADER = YES;
				CLANG_WARN_RANGE_LOOP_ANALYSIS = YES;
				CLANG_WARN_STRICT_PROTOTYPES = YES;
				CLANG_WARN_SUSPICIOUS_MOVE = YES;
				CLANG_WARN_UNGUARDED_AVAILABILITY = YES_AGGRESSIVE;
				CLANG_WARN_UNREACHABLE_CODE = YES;
				CLANG_WARN__DUPLICATE_METHOD_MATCH = YES;
				COPY_PHASE_STRIP = NO;
				DEBUG_INFORMATION_FORMAT = "dwarf-with-dsym";
				ENABLE_NS_ASSERTIONS = NO;
				ENABLE_STRICT_OBJC_MSGSEND = YES;
				GCC_C_LANGUAGE_STANDARD = gnu11;
				GCC_NO_COMMON_BLOCKS = YES;
				GCC_WARN_64_TO_32_BIT_CONVERSION = YES;
				GCC_WARN_ABOUT_RETURN_TYPE = YES_ERROR;
				GCC_WARN_UNDECLARED_SELECTOR = YES;
				GCC_WARN_UNINITIALIZED_AUTOS = YES_AGGRESSIVE;
				GCC_WARN_UNUSED_FUNCTION = YES;
				GCC_WARN_UNUSED_VARIABLE = YES;
				IPHONEOS_DEPLOYMENT_TARGET = 15.2;
				MTL_ENABLE_DEBUG_INFO = NO;
				MTL_FAST_MATH = YES;
				SDKROOT = iphoneos;
				SWIFT_COMPILATION_MODE = wholemodule;
				SWIFT_OPTIMIZATION_LEVEL = "-O";
				VALIDATE_PRODUCT = YES;
			};
			name = Release;
		};
		047EB0F028D9FEBB009C47FD /* Debug */ = {
			isa = XCBuildConfiguration;
			buildSettings = {
				ASSETCATALOG_COMPILER_APPICON_NAME = AppIcon;
				ASSETCATALOG_COMPILER_GLOBAL_ACCENT_COLOR_NAME = AccentColor;
				CODE_SIGN_STYLE = Automatic;
				CURRENT_PROJECT_VERSION = 1;
				DEVELOPMENT_TEAM = X94QAJPYE3;
				GENERATE_INFOPLIST_FILE = YES;
				INFOPLIST_FILE = EssentialApp/Info.plist;
				INFOPLIST_KEY_UIApplicationSupportsIndirectInputEvents = YES;
				INFOPLIST_KEY_UILaunchStoryboardName = LaunchScreen;
				INFOPLIST_KEY_UIMainStoryboardFile = Main;
				INFOPLIST_KEY_UISupportedInterfaceOrientations_iPad = "UIInterfaceOrientationPortrait UIInterfaceOrientationPortraitUpsideDown UIInterfaceOrientationLandscapeLeft UIInterfaceOrientationLandscapeRight";
				INFOPLIST_KEY_UISupportedInterfaceOrientations_iPhone = "UIInterfaceOrientationPortrait UIInterfaceOrientationLandscapeLeft UIInterfaceOrientationLandscapeRight";
				LD_RUNPATH_SEARCH_PATHS = (
					"$(inherited)",
					"@executable_path/Frameworks",
				);
				MARKETING_VERSION = 1.0;
				PRODUCT_BUNDLE_IDENTIFIER = com.marcosreboucas.EssentialApp;
				PRODUCT_NAME = "$(TARGET_NAME)";
				SWIFT_EMIT_LOC_STRINGS = YES;
				SWIFT_VERSION = 5.0;
				TARGETED_DEVICE_FAMILY = "1,2";
			};
			name = Debug;
		};
		047EB0F128D9FEBB009C47FD /* Release */ = {
			isa = XCBuildConfiguration;
			buildSettings = {
				ASSETCATALOG_COMPILER_APPICON_NAME = AppIcon;
				ASSETCATALOG_COMPILER_GLOBAL_ACCENT_COLOR_NAME = AccentColor;
				CODE_SIGN_STYLE = Automatic;
				CURRENT_PROJECT_VERSION = 1;
				DEVELOPMENT_TEAM = X94QAJPYE3;
				GENERATE_INFOPLIST_FILE = YES;
				INFOPLIST_FILE = EssentialApp/Info.plist;
				INFOPLIST_KEY_UIApplicationSupportsIndirectInputEvents = YES;
				INFOPLIST_KEY_UILaunchStoryboardName = LaunchScreen;
				INFOPLIST_KEY_UIMainStoryboardFile = Main;
				INFOPLIST_KEY_UISupportedInterfaceOrientations_iPad = "UIInterfaceOrientationPortrait UIInterfaceOrientationPortraitUpsideDown UIInterfaceOrientationLandscapeLeft UIInterfaceOrientationLandscapeRight";
				INFOPLIST_KEY_UISupportedInterfaceOrientations_iPhone = "UIInterfaceOrientationPortrait UIInterfaceOrientationLandscapeLeft UIInterfaceOrientationLandscapeRight";
				LD_RUNPATH_SEARCH_PATHS = (
					"$(inherited)",
					"@executable_path/Frameworks",
				);
				MARKETING_VERSION = 1.0;
				PRODUCT_BUNDLE_IDENTIFIER = com.marcosreboucas.EssentialApp;
				PRODUCT_NAME = "$(TARGET_NAME)";
				SWIFT_EMIT_LOC_STRINGS = YES;
				SWIFT_VERSION = 5.0;
				TARGETED_DEVICE_FAMILY = "1,2";
			};
			name = Release;
		};
/* End XCBuildConfiguration section */

/* Begin XCConfigurationList section */
		0477E21C28DCAA05000ACB9E /* Build configuration list for PBXNativeTarget "EssentialAppTests" */ = {
			isa = XCConfigurationList;
			buildConfigurations = (
				0477E21D28DCAA05000ACB9E /* Debug */,
				0477E21E28DCAA05000ACB9E /* Release */,
			);
			defaultConfigurationIsVisible = 0;
			defaultConfigurationName = Release;
		};
		047EB0D628D9FEBA009C47FD /* Build configuration list for PBXProject "EssentialApp" */ = {
			isa = XCConfigurationList;
			buildConfigurations = (
				047EB0ED28D9FEBB009C47FD /* Debug */,
				047EB0EE28D9FEBB009C47FD /* Release */,
			);
			defaultConfigurationIsVisible = 0;
			defaultConfigurationName = Release;
		};
		047EB0EF28D9FEBB009C47FD /* Build configuration list for PBXNativeTarget "EssentialApp" */ = {
			isa = XCConfigurationList;
			buildConfigurations = (
				047EB0F028D9FEBB009C47FD /* Debug */,
				047EB0F128D9FEBB009C47FD /* Release */,
			);
			defaultConfigurationIsVisible = 0;
			defaultConfigurationName = Release;
		};
/* End XCConfigurationList section */
	};
	rootObject = 047EB0D328D9FEBA009C47FD /* Project object */;
}
